// !$*UTF8*$!
{
	archiveVersion = 1;
	classes = {
	};
	objectVersion = 50;
	objects = {

/* Begin PBXBuildFile section */
		40641C1923E2617A001F3227 /* AppDelegate.swift in Sources */ = {isa = PBXBuildFile; fileRef = 40641C1823E2617A001F3227 /* AppDelegate.swift */; };
		40641C1B23E2617A001F3227 /* SceneDelegate.swift in Sources */ = {isa = PBXBuildFile; fileRef = 40641C1A23E2617A001F3227 /* SceneDelegate.swift */; };
		40641C1D23E2617A001F3227 /* ViewController.swift in Sources */ = {isa = PBXBuildFile; fileRef = 40641C1C23E2617A001F3227 /* ViewController.swift */; };
		40641C2023E2617A001F3227 /* Main.storyboard in Resources */ = {isa = PBXBuildFile; fileRef = 40641C1E23E2617A001F3227 /* Main.storyboard */; };
		40641C2223E2617E001F3227 /* Assets.xcassets in Resources */ = {isa = PBXBuildFile; fileRef = 40641C2123E2617E001F3227 /* Assets.xcassets */; };
		40641C2523E2617E001F3227 /* LaunchScreen.storyboard in Resources */ = {isa = PBXBuildFile; fileRef = 40641C2323E2617E001F3227 /* LaunchScreen.storyboard */; };
		40641C3023E2617E001F3227 /* Swift_VocabularyUITests.swift in Sources */ = {isa = PBXBuildFile; fileRef = 40641C2F23E2617E001F3227 /* Swift_VocabularyUITests.swift */; };
/* End PBXBuildFile section */

/* Begin PBXContainerItemProxy section */
		40641C2C23E2617E001F3227 /* PBXContainerItemProxy */ = {
			isa = PBXContainerItemProxy;
			containerPortal = 40641C0D23E2617A001F3227 /* Project object */;
			proxyType = 1;
			remoteGlobalIDString = 40641C1423E2617A001F3227;
			remoteInfo = "Swift Vocabulary";
		};
/* End PBXContainerItemProxy section */

/* Begin PBXFileReference section */
		40641C1523E2617A001F3227 /* Swift Vocabulary.app */ = {isa = PBXFileReference; explicitFileType = wrapper.application; includeInIndex = 0; path = "Swift Vocabulary.app"; sourceTree = BUILT_PRODUCTS_DIR; };
		40641C1823E2617A001F3227 /* AppDelegate.swift */ = {isa = PBXFileReference; lastKnownFileType = sourcecode.swift; path = AppDelegate.swift; sourceTree = "<group>"; };
		40641C1A23E2617A001F3227 /* SceneDelegate.swift */ = {isa = PBXFileReference; lastKnownFileType = sourcecode.swift; path = SceneDelegate.swift; sourceTree = "<group>"; };
		40641C1C23E2617A001F3227 /* ViewController.swift */ = {isa = PBXFileReference; lastKnownFileType = sourcecode.swift; path = ViewController.swift; sourceTree = "<group>"; };
		40641C1F23E2617A001F3227 /* Base */ = {isa = PBXFileReference; lastKnownFileType = file.storyboard; name = Base; path = Base.lproj/Main.storyboard; sourceTree = "<group>"; };
		40641C2123E2617E001F3227 /* Assets.xcassets */ = {isa = PBXFileReference; lastKnownFileType = folder.assetcatalog; path = Assets.xcassets; sourceTree = "<group>"; };
		40641C2423E2617E001F3227 /* Base */ = {isa = PBXFileReference; lastKnownFileType = file.storyboard; name = Base; path = Base.lproj/LaunchScreen.storyboard; sourceTree = "<group>"; };
		40641C2623E2617E001F3227 /* Info.plist */ = {isa = PBXFileReference; lastKnownFileType = text.plist.xml; path = Info.plist; sourceTree = "<group>"; };
		40641C2B23E2617E001F3227 /* Swift VocabularyUITests.xctest */ = {isa = PBXFileReference; explicitFileType = wrapper.cfbundle; includeInIndex = 0; path = "Swift VocabularyUITests.xctest"; sourceTree = BUILT_PRODUCTS_DIR; };
		40641C2F23E2617E001F3227 /* Swift_VocabularyUITests.swift */ = {isa = PBXFileReference; lastKnownFileType = sourcecode.swift; path = Swift_VocabularyUITests.swift; sourceTree = "<group>"; };
		40641C3123E2617E001F3227 /* Info.plist */ = {isa = PBXFileReference; lastKnownFileType = text.plist.xml; path = Info.plist; sourceTree = "<group>"; };
/* End PBXFileReference section */

/* Begin PBXFrameworksBuildPhase section */
		40641C1223E2617A001F3227 /* Frameworks */ = {
			isa = PBXFrameworksBuildPhase;
			buildActionMask = 2147483647;
			files = (
			);
			runOnlyForDeploymentPostprocessing = 0;
		};
		40641C2823E2617E001F3227 /* Frameworks */ = {
			isa = PBXFrameworksBuildPhase;
			buildActionMask = 2147483647;
			files = (
			);
			runOnlyForDeploymentPostprocessing = 0;
		};
/* End PBXFrameworksBuildPhase section */

/* Begin PBXGroup section */
		40641C0C23E2617A001F3227 = {
			isa = PBXGroup;
			children = (
				40641C1723E2617A001F3227 /* Swift Vocabulary */,
				40641C2E23E2617E001F3227 /* Swift VocabularyUITests */,
				40641C1623E2617A001F3227 /* Products */,
			);
			sourceTree = "<group>";
		};
		40641C1623E2617A001F3227 /* Products */ = {
			isa = PBXGroup;
			children = (
				40641C1523E2617A001F3227 /* Swift Vocabulary.app */,
				40641C2B23E2617E001F3227 /* Swift VocabularyUITests.xctest */,
			);
			name = Products;
			sourceTree = "<group>";
		};
		40641C1723E2617A001F3227 /* Swift Vocabulary */ = {
			isa = PBXGroup;
			children = (
				40641C1823E2617A001F3227 /* AppDelegate.swift */,
				40641C1A23E2617A001F3227 /* SceneDelegate.swift */,
				40641C1C23E2617A001F3227 /* ViewController.swift */,
				40641C1E23E2617A001F3227 /* Main.storyboard */,
				40641C2123E2617E001F3227 /* Assets.xcassets */,
				40641C2323E2617E001F3227 /* LaunchScreen.storyboard */,
				40641C2623E2617E001F3227 /* Info.plist */,
			);
			path = "Swift Vocabulary";
			sourceTree = "<group>";
		};
		40641C2E23E2617E001F3227 /* Swift VocabularyUITests */ = {
			isa = PBXGroup;
			children = (
				40641C2F23E2617E001F3227 /* Swift_VocabularyUITests.swift */,
				40641C3123E2617E001F3227 /* Info.plist */,
			);
			path = "Swift VocabularyUITests";
			sourceTree = "<group>";
		};
/* End PBXGroup section */

/* Begin PBXNativeTarget section */
		40641C1423E2617A001F3227 /* Swift Vocabulary */ = {
			isa = PBXNativeTarget;
			buildConfigurationList = 40641C3423E2617E001F3227 /* Build configuration list for PBXNativeTarget "Swift Vocabulary" */;
			buildPhases = (
				40641C1123E2617A001F3227 /* Sources */,
				40641C1223E2617A001F3227 /* Frameworks */,
				40641C1323E2617A001F3227 /* Resources */,
			);
			buildRules = (
			);
			dependencies = (
			);
			name = "Swift Vocabulary";
			productName = "Swift Vocabulary";
			productReference = 40641C1523E2617A001F3227 /* Swift Vocabulary.app */;
			productType = "com.apple.product-type.application";
		};
		40641C2A23E2617E001F3227 /* Swift VocabularyUITests */ = {
			isa = PBXNativeTarget;
			buildConfigurationList = 40641C3723E2617E001F3227 /* Build configuration list for PBXNativeTarget "Swift VocabularyUITests" */;
			buildPhases = (
				40641C2723E2617E001F3227 /* Sources */,
				40641C2823E2617E001F3227 /* Frameworks */,
				40641C2923E2617E001F3227 /* Resources */,
			);
			buildRules = (
			);
			dependencies = (
				40641C2D23E2617E001F3227 /* PBXTargetDependency */,
			);
			name = "Swift VocabularyUITests";
			productName = "Swift VocabularyUITests";
			productReference = 40641C2B23E2617E001F3227 /* Swift VocabularyUITests.xctest */;
			productType = "com.apple.product-type.bundle.ui-testing";
		};
/* End PBXNativeTarget section */

/* Begin PBXProject section */
		40641C0D23E2617A001F3227 /* Project object */ = {
			isa = PBXProject;
			attributes = {
				LastSwiftUpdateCheck = 1130;
				LastUpgradeCheck = 1130;
				TargetAttributes = {
					40641C1423E2617A001F3227 = {
						CreatedOnToolsVersion = 11.3.1;
					};
					40641C2A23E2617E001F3227 = {
						CreatedOnToolsVersion = 11.3.1;
						TestTargetID = 40641C1423E2617A001F3227;
					};
				};
			};
			buildConfigurationList = 40641C1023E2617A001F3227 /* Build configuration list for PBXProject "Swift Vocabulary" */;
			compatibilityVersion = "Xcode 9.3";
			developmentRegion = en;
			hasScannedForEncodings = 0;
			knownRegions = (
				en,
				Base,
			);
			mainGroup = 40641C0C23E2617A001F3227;
			productRefGroup = 40641C1623E2617A001F3227 /* Products */;
			projectDirPath = "";
			projectRoot = "";
			targets = (
				40641C1423E2617A001F3227 /* Swift Vocabulary */,
				40641C2A23E2617E001F3227 /* Swift VocabularyUITests */,
			);
		};
/* End PBXProject section */

/* Begin PBXResourcesBuildPhase section */
		40641C1323E2617A001F3227 /* Resources */ = {
			isa = PBXResourcesBuildPhase;
			buildActionMask = 2147483647;
			files = (
				40641C2523E2617E001F3227 /* LaunchScreen.storyboard in Resources */,
				40641C2223E2617E001F3227 /* Assets.xcassets in Resources */,
				40641C2023E2617A001F3227 /* Main.storyboard in Resources */,
			);
			runOnlyForDeploymentPostprocessing = 0;
		};
		40641C2923E2617E001F3227 /* Resources */ = {
			isa = PBXResourcesBuildPhase;
			buildActionMask = 2147483647;
			files = (
			);
			runOnlyForDeploymentPostprocessing = 0;
		};
/* End PBXResourcesBuildPhase section */

/* Begin PBXSourcesBuildPhase section */
		40641C1123E2617A001F3227 /* Sources */ = {
			isa = PBXSourcesBuildPhase;
			buildActionMask = 2147483647;
			files = (
				40641C1D23E2617A001F3227 /* ViewController.swift in Sources */,
				40641C1923E2617A001F3227 /* AppDelegate.swift in Sources */,
				40641C1B23E2617A001F3227 /* SceneDelegate.swift in Sources */,
			);
			runOnlyForDeploymentPostprocessing = 0;
		};
		40641C2723E2617E001F3227 /* Sources */ = {
			isa = PBXSourcesBuildPhase;
			buildActionMask = 2147483647;
			files = (
				40641C3023E2617E001F3227 /* Swift_VocabularyUITests.swift in Sources */,
			);
			runOnlyForDeploymentPostprocessing = 0;
		};
/* End PBXSourcesBuildPhase section */

/* Begin PBXTargetDependency section */
		40641C2D23E2617E001F3227 /* PBXTargetDependency */ = {
			isa = PBXTargetDependency;
			target = 40641C1423E2617A001F3227 /* Swift Vocabulary */;
			targetProxy = 40641C2C23E2617E001F3227 /* PBXContainerItemProxy */;
		};
/* End PBXTargetDependency section */

/* Begin PBXVariantGroup section */
		40641C1E23E2617A001F3227 /* Main.storyboard */ = {
			isa = PBXVariantGroup;
			children = (
				40641C1F23E2617A001F3227 /* Base */,
			);
			name = Main.storyboard;
			sourceTree = "<group>";
		};
		40641C2323E2617E001F3227 /* LaunchScreen.storyboard */ = {
			isa = PBXVariantGroup;
			children = (
				40641C2423E2617E001F3227 /* Base */,
			);
			name = LaunchScreen.storyboard;
			sourceTree = "<group>";
		};
/* End PBXVariantGroup section */

/* Begin XCBuildConfiguration section */
		40641C3223E2617E001F3227 /* Debug */ = {
			isa = XCBuildConfiguration;
			buildSettings = {
				ALWAYS_SEARCH_USER_PATHS = NO;
				CLANG_ANALYZER_NONNULL = YES;
				CLANG_ANALYZER_NUMBER_OBJECT_CONVERSION = YES_AGGRESSIVE;
				CLANG_CXX_LANGUAGE_STANDARD = "gnu++14";
				CLANG_CXX_LIBRARY = "libc++";
				CLANG_ENABLE_MODULES = YES;
				CLANG_ENABLE_OBJC_ARC = YES;
				CLANG_ENABLE_OBJC_WEAK = YES;
				CLANG_WARN_BLOCK_CAPTURE_AUTORELEASING = YES;
				CLANG_WARN_BOOL_CONVERSION = YES;
				CLANG_WARN_COMMA = YES;
				CLANG_WARN_CONSTANT_CONVERSION = YES;
				CLANG_WARN_DEPRECATED_OBJC_IMPLEMENTATIONS = YES;
				CLANG_WARN_DIRECT_OBJC_ISA_USAGE = YES_ERROR;
				CLANG_WARN_DOCUMENTATION_COMMENTS = YES;
				CLANG_WARN_EMPTY_BODY = YES;
				CLANG_WARN_ENUM_CONVERSION = YES;
				CLANG_WARN_INFINITE_RECURSION = YES;
				CLANG_WARN_INT_CONVERSION = YES;
				CLANG_WARN_NON_LITERAL_NULL_CONVERSION = YES;
				CLANG_WARN_OBJC_IMPLICIT_RETAIN_SELF = YES;
				CLANG_WARN_OBJC_LITERAL_CONVERSION = YES;
				CLANG_WARN_OBJC_ROOT_CLASS = YES_ERROR;
				CLANG_WARN_RANGE_LOOP_ANALYSIS = YES;
				CLANG_WARN_STRICT_PROTOTYPES = YES;
				CLANG_WARN_SUSPICIOUS_MOVE = YES;
				CLANG_WARN_UNGUARDED_AVAILABILITY = YES_AGGRESSIVE;
				CLANG_WARN_UNREACHABLE_CODE = YES;
				CLANG_WARN__DUPLICATE_METHOD_MATCH = YES;
				COPY_PHASE_STRIP = NO;
				DEBUG_INFORMATION_FORMAT = dwarf;
				ENABLE_STRICT_OBJC_MSGSEND = YES;
				ENABLE_TESTABILITY = YES;
				GCC_C_LANGUAGE_STANDARD = gnu11;
				GCC_DYNAMIC_NO_PIC = NO;
				GCC_NO_COMMON_BLOCKS = YES;
				GCC_OPTIMIZATION_LEVEL = 0;
				GCC_PREPROCESSOR_DEFINITIONS = (
					"DEBUG=1",
					"$(inherited)",
				);
				GCC_WARN_64_TO_32_BIT_CONVERSION = YES;
				GCC_WARN_ABOUT_RETURN_TYPE = YES_ERROR;
				GCC_WARN_UNDECLARED_SELECTOR = YES;
				GCC_WARN_UNINITIALIZED_AUTOS = YES_AGGRESSIVE;
				GCC_WARN_UNUSED_FUNCTION = YES;
				GCC_WARN_UNUSED_VARIABLE = YES;
				IPHONEOS_DEPLOYMENT_TARGET = 13.2;
				MTL_ENABLE_DEBUG_INFO = INCLUDE_SOURCE;
				MTL_FAST_MATH = YES;
				ONLY_ACTIVE_ARCH = YES;
				SDKROOT = iphoneos;
				SWIFT_ACTIVE_COMPILATION_CONDITIONS = DEBUG;
				SWIFT_OPTIMIZATION_LEVEL = "-Onone";
			};
			name = Debug;
		};
		40641C3323E2617E001F3227 /* Release */ = {
			isa = XCBuildConfiguration;
			buildSettings = {
				ALWAYS_SEARCH_USER_PATHS = NO;
				CLANG_ANALYZER_NONNULL = YES;
				CLANG_ANALYZER_NUMBER_OBJECT_CONVERSION = YES_AGGRESSIVE;
				CLANG_CXX_LANGUAGE_STANDARD = "gnu++14";
				CLANG_CXX_LIBRARY = "libc++";
				CLANG_ENABLE_MODULES = YES;
				CLANG_ENABLE_OBJC_ARC = YES;
				CLANG_ENABLE_OBJC_WEAK = YES;
				CLANG_WARN_BLOCK_CAPTURE_AUTORELEASING = YES;
				CLANG_WARN_BOOL_CONVERSION = YES;
				CLANG_WARN_COMMA = YES;
				CLANG_WARN_CONSTANT_CONVERSION = YES;
				CLANG_WARN_DEPRECATED_OBJC_IMPLEMENTATIONS = YES;
				CLANG_WARN_DIRECT_OBJC_ISA_USAGE = YES_ERROR;
				CLANG_WARN_DOCUMENTATION_COMMENTS = YES;
				CLANG_WARN_EMPTY_BODY = YES;
				CLANG_WARN_ENUM_CONVERSION = YES;
				CLANG_WARN_INFINITE_RECURSION = YES;
				CLANG_WARN_INT_CONVERSION = YES;
				CLANG_WARN_NON_LITERAL_NULL_CONVERSION = YES;
				CLANG_WARN_OBJC_IMPLICIT_RETAIN_SELF = YES;
				CLANG_WARN_OBJC_LITERAL_CONVERSION = YES;
				CLANG_WARN_OBJC_ROOT_CLASS = YES_ERROR;
				CLANG_WARN_RANGE_LOOP_ANALYSIS = YES;
				CLANG_WARN_STRICT_PROTOTYPES = YES;
				CLANG_WARN_SUSPICIOUS_MOVE = YES;
				CLANG_WARN_UNGUARDED_AVAILABILITY = YES_AGGRESSIVE;
				CLANG_WARN_UNREACHABLE_CODE = YES;
				CLANG_WARN__DUPLICATE_METHOD_MATCH = YES;
				COPY_PHASE_STRIP = NO;
				DEBUG_INFORMATION_FORMAT = "dwarf-with-dsym";
				ENABLE_NS_ASSERTIONS = NO;
				ENABLE_STRICT_OBJC_MSGSEND = YES;
				GCC_C_LANGUAGE_STANDARD = gnu11;
				GCC_NO_COMMON_BLOCKS = YES;
				GCC_WARN_64_TO_32_BIT_CONVERSION = YES;
				GCC_WARN_ABOUT_RETURN_TYPE = YES_ERROR;
				GCC_WARN_UNDECLARED_SELECTOR = YES;
				GCC_WARN_UNINITIALIZED_AUTOS = YES_AGGRESSIVE;
				GCC_WARN_UNUSED_FUNCTION = YES;
				GCC_WARN_UNUSED_VARIABLE = YES;
				IPHONEOS_DEPLOYMENT_TARGET = 13.2;
				MTL_ENABLE_DEBUG_INFO = NO;
				MTL_FAST_MATH = YES;
				SDKROOT = iphoneos;
				SWIFT_COMPILATION_MODE = wholemodule;
				SWIFT_OPTIMIZATION_LEVEL = "-O";
				VALIDATE_PRODUCT = YES;
			};
			name = Release;
		};
		40641C3523E2617E001F3227 /* Debug */ = {
			isa = XCBuildConfiguration;
			buildSettings = {
				ASSETCATALOG_COMPILER_APPICON_NAME = AppIcon;
				CODE_SIGN_STYLE = Automatic;
				INFOPLIST_FILE = "Swift Vocabulary/Info.plist";
				LD_RUNPATH_SEARCH_PATHS = (
					"$(inherited)",
					"@executable_path/Frameworks",
				);
				PRODUCT_BUNDLE_IDENTIFIER = "RadixMal.Swift-Vocabulary";
				PRODUCT_NAME = "$(TARGET_NAME)";
				SWIFT_VERSION = 5.0;
				TARGETED_DEVICE_FAMILY = "1,2";
			};
			name = Debug;
		};
		40641C3623E2617E001F3227 /* Release */ = {
			isa = XCBuildConfiguration;
			buildSettings = {
				ASSETCATALOG_COMPILER_APPICON_NAME = AppIcon;
				CODE_SIGN_STYLE = Automatic;
				INFOPLIST_FILE = "Swift Vocabulary/Info.plist";
				LD_RUNPATH_SEARCH_PATHS = (
					"$(inherited)",
					"@executable_path/Frameworks",
				);
				PRODUCT_BUNDLE_IDENTIFIER = "RadixMal.Swift-Vocabulary";
				PRODUCT_NAME = "$(TARGET_NAME)";
				SWIFT_VERSION = 5.0;
				TARGETED_DEVICE_FAMILY = "1,2";
			};
			name = Release;
		};
		40641C3823E2617E001F3227 /* Debug */ = {
			isa = XCBuildConfiguration;
			buildSettings = {
				ALWAYS_EMBED_SWIFT_STANDARD_LIBRARIES = YES;
				CODE_SIGN_STYLE = Automatic;
				INFOPLIST_FILE = "Swift VocabularyUITests/Info.plist";
				LD_RUNPATH_SEARCH_PATHS = (
					"$(inherited)",
					"@executable_path/Frameworks",
					"@loader_path/Frameworks",
				);
				PRODUCT_BUNDLE_IDENTIFIER = "RadixMal.Swift-VocabularyUITests";
				PRODUCT_NAME = "$(TARGET_NAME)";
				SWIFT_VERSION = 5.0;
				TARGETED_DEVICE_FAMILY = "1,2";
				TEST_TARGET_NAME = "Swift Vocabulary";
			};
			name = Debug;
		};
		40641C3923E2617E001F3227 /* Release */ = {
			isa = XCBuildConfiguration;
			buildSettings = {
				ALWAYS_EMBED_SWIFT_STANDARD_LIBRARIES = YES;
				CODE_SIGN_STYLE = Automatic;
				INFOPLIST_FILE = "Swift VocabularyUITests/Info.plist";
				LD_RUNPATH_SEARCH_PATHS = (
					"$(inherited)",
					"@executable_path/Frameworks",
					"@loader_path/Frameworks",
				);
				PRODUCT_BUNDLE_IDENTIFIER = "RadixMal.Swift-VocabularyUITests";
				PRODUCT_NAME = "$(TARGET_NAME)";
				SWIFT_VERSION = 5.0;
				TARGETED_DEVICE_FAMILY = "1,2";
				TEST_TARGET_NAME = "Swift Vocabulary";
			};
			name = Release;
		};
/* End XCBuildConfiguration section */

/* Begin XCConfigurationList section */
		40641C1023E2617A001F3227 /* Build configuration list for PBXProject "Swift Vocabulary" */ = {
			isa = XCConfigurationList;
			buildConfigurations = (
				40641C3223E2617E001F3227 /* Debug */,
				40641C3323E2617E001F3227 /* Release */,
			);
			defaultConfigurationIsVisible = 0;
			defaultConfigurationName = Release;
		};
		40641C3423E2617E001F3227 /* Build configuration list for PBXNativeTarget "Swift Vocabulary" */ = {
			isa = XCConfigurationList;
			buildConfigurations = (
				40641C3523E2617E001F3227 /* Debug */,
				40641C3623E2617E001F3227 /* Release */,
			);
			defaultConfigurationIsVisible = 0;
			defaultConfigurationName = Release;
		};
		40641C3723E2617E001F3227 /* Build configuration list for PBXNativeTarget "Swift VocabularyUITests" */ = {
			isa = XCConfigurationList;
			buildConfigurations = (
				40641C3823E2617E001F3227 /* Debug */,
				40641C3923E2617E001F3227 /* Release */,
			);
			defaultConfigurationIsVisible = 0;
			defaultConfigurationName = Release;
		};
/* End XCConfigurationList section */
	};
	rootObject = 40641C0D23E2617A001F3227 /* Project object */;
}
